
Microsoft Visual Studio Solution File, Format Version 12.00
Project("{FAE04EC0-301F-11D3-BF4B-00C04F79EFBC}") = "Aoc2020.Puzzle1", "Aoc2020.Puzzle1\Aoc2020.Puzzle1.csproj", "{ACE50D12-2CB6-4145-82D9-05588E5510CE}"
EndProject
Project("{FAE04EC0-301F-11D3-BF4B-00C04F79EFBC}") = "Aoc2020.Shared", "Aoc2020.Shared\Aoc2020.Shared.csproj", "{2736A315-9A69-41D6-96E6-4C56AACCE8ED}"
EndProject
Project("{FAE04EC0-301F-11D3-BF4B-00C04F79EFBC}") = "Aoc2020.Puzzle1.Tests", "Aoc2020.Puzzle1.Tests\Aoc2020.Puzzle1.Tests.csproj", "{047BCDF1-57CF-4C3B-A04F-480C5C411222}"
EndProject
Project("{FAE04EC0-301F-11D3-BF4B-00C04F79EFBC}") = "Aoc2020.Puzzle2", "Aoc2020.Puzzle2\Aoc2020.Puzzle2.csproj", "{D1C6277D-4514-4193-BE53-A6DEF1280799}"
EndProject
Project("{FAE04EC0-301F-11D3-BF4B-00C04F79EFBC}") = "Aoc2020.Puzzle2.Tests", "Aoc2020.Puzzle2.Tests\Aoc2020.Puzzle2.Tests.csproj", "{817C78A6-DD16-4FB3-8366-A7B8A42D5225}"
EndProject
Project("{FAE04EC0-301F-11D3-BF4B-00C04F79EFBC}") = "Aoc2020.Puzzle3", "Aoc2020.Puzzle3\Aoc2020.Puzzle3.csproj", "{2E665B66-C4C4-4661-9189-67A6A2ED86E0}"
EndProject
Project("{FAE04EC0-301F-11D3-BF4B-00C04F79EFBC}") = "Aoc2020.Puzzle3.Tests", "Aoc2020.Puzzle3.Tests\Aoc2020.Puzzle3.Tests.csproj", "{4BEC6B64-9899-4805-B865-1A325819782B}"
EndProject
Project("{FAE04EC0-301F-11D3-BF4B-00C04F79EFBC}") = "Aoc2020.Puzzle4", "Aoc2020.Puzzle4\Aoc2020.Puzzle4.csproj", "{CC81AAA2-6EE4-4D19-B3D9-C1C197699A56}"
EndProject
Project("{FAE04EC0-301F-11D3-BF4B-00C04F79EFBC}") = "Aoc2020.Puzzle4.Tests", "Aoc2020.Puzzle4.Tests\Aoc2020.Puzzle4.Tests.csproj", "{FDC732C3-CE9C-41E7-AC42-00F846D8086C}"
EndProject
Project("{FAE04EC0-301F-11D3-BF4B-00C04F79EFBC}") = "Aoc2020.Puzzle5", "Aoc2020.Puzzle5\Aoc2020.Puzzle5.csproj", "{98494D51-4348-4A08-92DE-68CAB62D227F}"
EndProject
Project("{FAE04EC0-301F-11D3-BF4B-00C04F79EFBC}") = "Aoc2020.Puzzle5.Tests", "Aoc2020.Puzzle5.Tests\Aoc2020.Puzzle5.Tests.csproj", "{D4E51ABC-AF19-4960-A13E-01B7970B48FE}"
EndProject
Project("{FAE04EC0-301F-11D3-BF4B-00C04F79EFBC}") = "Aoc2020.Puzzle6", "Aoc2020.Puzzle6\Aoc2020.Puzzle6.csproj", "{4C2A1F47-EDAE-4AF8-971A-80991D879C93}"
EndProject
Project("{FAE04EC0-301F-11D3-BF4B-00C04F79EFBC}") = "Aoc2020.Puzzle6.Tests", "Aoc2020.Puzzle6.Tests\Aoc2020.Puzzle6.Tests.csproj", "{B4BB3411-8076-4109-9957-615A740AE61A}"
EndProject
Global
	GlobalSection(SolutionConfigurationPlatforms) = preSolution
		Debug|Any CPU = Debug|Any CPU
		Release|Any CPU = Release|Any CPU
	EndGlobalSection
	GlobalSection(ProjectConfigurationPlatforms) = postSolution
		{ACE50D12-2CB6-4145-82D9-05588E5510CE}.Debug|Any CPU.ActiveCfg = Debug|Any CPU
		{ACE50D12-2CB6-4145-82D9-05588E5510CE}.Debug|Any CPU.Build.0 = Debug|Any CPU
		{ACE50D12-2CB6-4145-82D9-05588E5510CE}.Release|Any CPU.ActiveCfg = Release|Any CPU
		{ACE50D12-2CB6-4145-82D9-05588E5510CE}.Release|Any CPU.Build.0 = Release|Any CPU
		{2736A315-9A69-41D6-96E6-4C56AACCE8ED}.Debug|Any CPU.ActiveCfg = Debug|Any CPU
		{2736A315-9A69-41D6-96E6-4C56AACCE8ED}.Debug|Any CPU.Build.0 = Debug|Any CPU
		{2736A315-9A69-41D6-96E6-4C56AACCE8ED}.Release|Any CPU.ActiveCfg = Release|Any CPU
		{2736A315-9A69-41D6-96E6-4C56AACCE8ED}.Release|Any CPU.Build.0 = Release|Any CPU
		{047BCDF1-57CF-4C3B-A04F-480C5C411222}.Debug|Any CPU.ActiveCfg = Debug|Any CPU
		{047BCDF1-57CF-4C3B-A04F-480C5C411222}.Debug|Any CPU.Build.0 = Debug|Any CPU
		{047BCDF1-57CF-4C3B-A04F-480C5C411222}.Release|Any CPU.ActiveCfg = Release|Any CPU
		{047BCDF1-57CF-4C3B-A04F-480C5C411222}.Release|Any CPU.Build.0 = Release|Any CPU
		{D1C6277D-4514-4193-BE53-A6DEF1280799}.Debug|Any CPU.ActiveCfg = Debug|Any CPU
		{D1C6277D-4514-4193-BE53-A6DEF1280799}.Debug|Any CPU.Build.0 = Debug|Any CPU
		{D1C6277D-4514-4193-BE53-A6DEF1280799}.Release|Any CPU.ActiveCfg = Release|Any CPU
		{D1C6277D-4514-4193-BE53-A6DEF1280799}.Release|Any CPU.Build.0 = Release|Any CPU
		{817C78A6-DD16-4FB3-8366-A7B8A42D5225}.Debug|Any CPU.ActiveCfg = Debug|Any CPU
		{817C78A6-DD16-4FB3-8366-A7B8A42D5225}.Debug|Any CPU.Build.0 = Debug|Any CPU
		{817C78A6-DD16-4FB3-8366-A7B8A42D5225}.Release|Any CPU.ActiveCfg = Release|Any CPU
		{817C78A6-DD16-4FB3-8366-A7B8A42D5225}.Release|Any CPU.Build.0 = Release|Any CPU
		{2E665B66-C4C4-4661-9189-67A6A2ED86E0}.Debug|Any CPU.ActiveCfg = Debug|Any CPU
		{2E665B66-C4C4-4661-9189-67A6A2ED86E0}.Debug|Any CPU.Build.0 = Debug|Any CPU
		{2E665B66-C4C4-4661-9189-67A6A2ED86E0}.Release|Any CPU.ActiveCfg = Release|Any CPU
		{2E665B66-C4C4-4661-9189-67A6A2ED86E0}.Release|Any CPU.Build.0 = Release|Any CPU
		{4BEC6B64-9899-4805-B865-1A325819782B}.Debug|Any CPU.ActiveCfg = Debug|Any CPU
		{4BEC6B64-9899-4805-B865-1A325819782B}.Debug|Any CPU.Build.0 = Debug|Any CPU
		{4BEC6B64-9899-4805-B865-1A325819782B}.Release|Any CPU.ActiveCfg = Release|Any CPU
		{4BEC6B64-9899-4805-B865-1A325819782B}.Release|Any CPU.Build.0 = Release|Any CPU
		{CC81AAA2-6EE4-4D19-B3D9-C1C197699A56}.Debug|Any CPU.ActiveCfg = Debug|Any CPU
		{CC81AAA2-6EE4-4D19-B3D9-C1C197699A56}.Debug|Any CPU.Build.0 = Debug|Any CPU
		{CC81AAA2-6EE4-4D19-B3D9-C1C197699A56}.Release|Any CPU.ActiveCfg = Release|Any CPU
		{CC81AAA2-6EE4-4D19-B3D9-C1C197699A56}.Release|Any CPU.Build.0 = Release|Any CPU
		{FDC732C3-CE9C-41E7-AC42-00F846D8086C}.Debug|Any CPU.ActiveCfg = Debug|Any CPU
		{FDC732C3-CE9C-41E7-AC42-00F846D8086C}.Debug|Any CPU.Build.0 = Debug|Any CPU
		{FDC732C3-CE9C-41E7-AC42-00F846D8086C}.Release|Any CPU.ActiveCfg = Release|Any CPU
		{FDC732C3-CE9C-41E7-AC42-00F846D8086C}.Release|Any CPU.Build.0 = Release|Any CPU
		{98494D51-4348-4A08-92DE-68CAB62D227F}.Debug|Any CPU.ActiveCfg = Debug|Any CPU
		{98494D51-4348-4A08-92DE-68CAB62D227F}.Debug|Any CPU.Build.0 = Debug|Any CPU
		{98494D51-4348-4A08-92DE-68CAB62D227F}.Release|Any CPU.ActiveCfg = Release|Any CPU
		{98494D51-4348-4A08-92DE-68CAB62D227F}.Release|Any CPU.Build.0 = Release|Any CPU
		{D4E51ABC-AF19-4960-A13E-01B7970B48FE}.Debug|Any CPU.ActiveCfg = Debug|Any CPU
		{D4E51ABC-AF19-4960-A13E-01B7970B48FE}.Debug|Any CPU.Build.0 = Debug|Any CPU
		{D4E51ABC-AF19-4960-A13E-01B7970B48FE}.Release|Any CPU.ActiveCfg = Release|Any CPU
		{D4E51ABC-AF19-4960-A13E-01B7970B48FE}.Release|Any CPU.Build.0 = Release|Any CPU
		{4C2A1F47-EDAE-4AF8-971A-80991D879C93}.Debug|Any CPU.ActiveCfg = Debug|Any CPU
		{4C2A1F47-EDAE-4AF8-971A-80991D879C93}.Debug|Any CPU.Build.0 = Debug|Any CPU
		{4C2A1F47-EDAE-4AF8-971A-80991D879C93}.Release|Any CPU.ActiveCfg = Release|Any CPU
		{4C2A1F47-EDAE-4AF8-971A-80991D879C93}.Release|Any CPU.Build.0 = Release|Any CPU
		{B4BB3411-8076-4109-9957-615A740AE61A}.Debug|Any CPU.ActiveCfg = Debug|Any CPU
		{B4BB3411-8076-4109-9957-615A740AE61A}.Debug|Any CPU.Build.0 = Debug|Any CPU
		{B4BB3411-8076-4109-9957-615A740AE61A}.Release|Any CPU.ActiveCfg = Release|Any CPU
		{B4BB3411-8076-4109-9957-615A740AE61A}.Release|Any CPU.Build.0 = Release|Any CPU
	EndGlobalSection
EndGlobal
